
Microsoft Visual Studio Solution File, Format Version 12.00
# Visual Studio Version 16
VisualStudioVersion = 16.0.29201.188
MinimumVisualStudioVersion = 10.0.40219.1
Project("{FAE04EC0-301F-11D3-BF4B-00C04F79EFBC}") = "Tcgv.B3HistoricalQuotes.App", "Tcgv.B3HistoricalQuotes.App\Tcgv.B3HistoricalQuotes.App.csproj", "{7DC707DF-76E6-4FE9-9D3B-B31E8A5C822D}"
EndProject
Project("{FAE04EC0-301F-11D3-BF4B-00C04F79EFBC}") = "Tcgv.B3HistoricalQuotes", "Tcgv.B3HistoricalQuotes\Tcgv.B3HistoricalQuotes.csproj", "{FD09D5EB-715B-4D37-BA15-026831BBFA01}"
EndProject
Global
	GlobalSection(SolutionConfigurationPlatforms) = preSolution
		Debug|Any CPU = Debug|Any CPU
		Release|Any CPU = Release|Any CPU
	EndGlobalSection
	GlobalSection(ProjectConfigurationPlatforms) = postSolution
		{7DC707DF-76E6-4FE9-9D3B-B31E8A5C822D}.Debug|Any CPU.ActiveCfg = Debug|Any CPU
		{7DC707DF-76E6-4FE9-9D3B-B31E8A5C822D}.Debug|Any CPU.Build.0 = Debug|Any CPU
		{7DC707DF-76E6-4FE9-9D3B-B31E8A5C822D}.Release|Any CPU.ActiveCfg = Release|Any CPU
		{7DC707DF-76E6-4FE9-9D3B-B31E8A5C822D}.Release|Any CPU.Build.0 = Release|Any CPU
		{FD09D5EB-715B-4D37-BA15-026831BBFA01}.Debug|Any CPU.ActiveCfg = Debug|Any CPU
		{FD09D5EB-715B-4D37-BA15-026831BBFA01}.Debug|Any CPU.Build.0 = Debug|Any CPU
		{FD09D5EB-715B-4D37-BA15-026831BBFA01}.Release|Any CPU.ActiveCfg = Release|Any CPU
		{FD09D5EB-715B-4D37-BA15-026831BBFA01}.Release|Any CPU.Build.0 = Release|Any CPU
	EndGlobalSection
	GlobalSection(SolutionProperties) = preSolution
		HideSolutionNode = FALSE
	EndGlobalSection
	GlobalSection(ExtensibilityGlobals) = postSolution
		SolutionGuid = {57613574-FE22-435E-881C-8E7BA2B6F655}
	EndGlobalSection
EndGlobal
